
Microsoft Visual Studio Solution File, Format Version 12.00
# Visual Studio 15
VisualStudioVersion = 15.0.27004.2002
MinimumVisualStudioVersion = 10.0.40219.1
Project("{FAE04EC0-301F-11D3-BF4B-00C04F79EFBC}") = "GeometricManagement", "GeometricManagement\GeometricManagement.csproj", "{89228588-7E6B-417C-88A3-EE11987E1746}"
EndProject
Project("{FAE04EC0-301F-11D3-BF4B-00C04F79EFBC}") = "GeometricManagementTest", "GeometricManagementTest\GeometricManagementTest.csproj", "{F444450B-B59D-44EA-B59A-F84D3D24182F}"
EndProject
Project("{FAE04EC0-301F-11D3-BF4B-00C04F79EFBC}") = "JobManagement", "JobManagement\JobManagement.csproj", "{B4BEAD7B-17D3-4BC5-9F3D-6EB121C0C430}"
EndProject
Project("{FAE04EC0-301F-11D3-BF4B-00C04F79EFBC}") = "JobManagementTest", "JobManagementTest\JobManagementTest.csproj", "{57C489C1-6002-4DFC-96EC-E9A64731093B}"
EndProject
Global
	GlobalSection(SolutionConfigurationPlatforms) = preSolution
		Debug|Any CPU = Debug|Any CPU
		Release|Any CPU = Release|Any CPU
	EndGlobalSection
	GlobalSection(ProjectConfigurationPlatforms) = postSolution
		{89228588-7E6B-417C-88A3-EE11987E1746}.Debug|Any CPU.ActiveCfg = Debug|Any CPU
		{89228588-7E6B-417C-88A3-EE11987E1746}.Debug|Any CPU.Build.0 = Debug|Any CPU
		{89228588-7E6B-417C-88A3-EE11987E1746}.Release|Any CPU.ActiveCfg = Release|Any CPU
		{89228588-7E6B-417C-88A3-EE11987E1746}.Release|Any CPU.Build.0 = Release|Any CPU
		{F444450B-B59D-44EA-B59A-F84D3D24182F}.Debug|Any CPU.ActiveCfg = Debug|Any CPU
		{F444450B-B59D-44EA-B59A-F84D3D24182F}.Debug|Any CPU.Build.0 = Debug|Any CPU
		{F444450B-B59D-44EA-B59A-F84D3D24182F}.Release|Any CPU.ActiveCfg = Release|Any CPU
		{F444450B-B59D-44EA-B59A-F84D3D24182F}.Release|Any CPU.Build.0 = Release|Any CPU
		{B4BEAD7B-17D3-4BC5-9F3D-6EB121C0C430}.Debug|Any CPU.ActiveCfg = Debug|Any CPU
		{B4BEAD7B-17D3-4BC5-9F3D-6EB121C0C430}.Debug|Any CPU.Build.0 = Debug|Any CPU
		{B4BEAD7B-17D3-4BC5-9F3D-6EB121C0C430}.Release|Any CPU.ActiveCfg = Release|Any CPU
		{B4BEAD7B-17D3-4BC5-9F3D-6EB121C0C430}.Release|Any CPU.Build.0 = Release|Any CPU
		{57C489C1-6002-4DFC-96EC-E9A64731093B}.Debug|Any CPU.ActiveCfg = Debug|Any CPU
		{57C489C1-6002-4DFC-96EC-E9A64731093B}.Debug|Any CPU.Build.0 = Debug|Any CPU
		{57C489C1-6002-4DFC-96EC-E9A64731093B}.Release|Any CPU.ActiveCfg = Release|Any CPU
		{57C489C1-6002-4DFC-96EC-E9A64731093B}.Release|Any CPU.Build.0 = Release|Any CPU
	EndGlobalSection
	GlobalSection(SolutionProperties) = preSolution
		HideSolutionNode = FALSE
	EndGlobalSection
	GlobalSection(ExtensibilityGlobals) = postSolution
		SolutionGuid = {57060348-A38B-4396-9F86-0312FD34B16A}
	EndGlobalSection
EndGlobal
